
Microsoft Visual Studio Solution File, Format Version 12.00
# Visual Studio 2013
VisualStudioVersion = 12.0.21005.1
MinimumVisualStudioVersion = 10.0.40219.1
Project("{FAE04EC0-301F-11D3-BF4B-00C04F79EFBC}") = "GisMap", "GisMap\GisMap.csproj", "{C58DF45B-92D2-44A7-A746-DE1BD217408D}"
EndProject
Project("{FAE04EC0-301F-11D3-BF4B-00C04F79EFBC}") = "File", "..\File\File\File.csproj", "{DBC899DC-0CEB-4ACA-B7D4-12C9120110C6}"
EndProject
Global
	GlobalSection(SolutionConfigurationPlatforms) = preSolution
		Debug|Any CPU = Debug|Any CPU
		Debug|Mixed Platforms = Debug|Mixed Platforms
		Debug|x86 = Debug|x86
		Release|Any CPU = Release|Any CPU
		Release|Mixed Platforms = Release|Mixed Platforms
		Release|x86 = Release|x86
	EndGlobalSection
	GlobalSection(ProjectConfigurationPlatforms) = postSolution
		{C58DF45B-92D2-44A7-A746-DE1BD217408D}.Debug|Any CPU.ActiveCfg = Debug|Any CPU
		{C58DF45B-92D2-44A7-A746-DE1BD217408D}.Debug|Any CPU.Build.0 = Debug|Any CPU
		{C58DF45B-92D2-44A7-A746-DE1BD217408D}.Debug|Mixed Platforms.ActiveCfg = Debug|x86
		{C58DF45B-92D2-44A7-A746-DE1BD217408D}.Debug|Mixed Platforms.Build.0 = Debug|x86
		{C58DF45B-92D2-44A7-A746-DE1BD217408D}.Debug|x86.ActiveCfg = Debug|x86
		{C58DF45B-92D2-44A7-A746-DE1BD217408D}.Debug|x86.Build.0 = Debug|x86
		{C58DF45B-92D2-44A7-A746-DE1BD217408D}.Release|Any CPU.ActiveCfg = Release|Any CPU
		{C58DF45B-92D2-44A7-A746-DE1BD217408D}.Release|Any CPU.Build.0 = Release|Any CPU
		{C58DF45B-92D2-44A7-A746-DE1BD217408D}.Release|Mixed Platforms.ActiveCfg = Release|x86
		{C58DF45B-92D2-44A7-A746-DE1BD217408D}.Release|Mixed Platforms.Build.0 = Release|x86
		{C58DF45B-92D2-44A7-A746-DE1BD217408D}.Release|x86.ActiveCfg = Release|x86
		{C58DF45B-92D2-44A7-A746-DE1BD217408D}.Release|x86.Build.0 = Release|x86
		{DBC899DC-0CEB-4ACA-B7D4-12C9120110C6}.Debug|Any CPU.ActiveCfg = Debug|Any CPU
		{DBC899DC-0CEB-4ACA-B7D4-12C9120110C6}.Debug|Any CPU.Build.0 = Debug|Any CPU
		{DBC899DC-0CEB-4ACA-B7D4-12C9120110C6}.Debug|Mixed Platforms.ActiveCfg = Debug|Any CPU
		{DBC899DC-0CEB-4ACA-B7D4-12C9120110C6}.Debug|Mixed Platforms.Build.0 = Debug|Any CPU
		{DBC899DC-0CEB-4ACA-B7D4-12C9120110C6}.Debug|Mixed Platforms.Deploy.0 = Debug|Any CPU
		{DBC899DC-0CEB-4ACA-B7D4-12C9120110C6}.Debug|x86.ActiveCfg = Debug|x86
		{DBC899DC-0CEB-4ACA-B7D4-12C9120110C6}.Debug|x86.Build.0 = Debug|x86
		{DBC899DC-0CEB-4ACA-B7D4-12C9120110C6}.Release|Any CPU.ActiveCfg = Release|Any CPU
		{DBC899DC-0CEB-4ACA-B7D4-12C9120110C6}.Release|Any CPU.Build.0 = Release|Any CPU
		{DBC899DC-0CEB-4ACA-B7D4-12C9120110C6}.Release|Mixed Platforms.ActiveCfg = Release|Any CPU
		{DBC899DC-0CEB-4ACA-B7D4-12C9120110C6}.Release|Mixed Platforms.Build.0 = Release|Any CPU
		{DBC899DC-0CEB-4ACA-B7D4-12C9120110C6}.Release|x86.ActiveCfg = Release|x86
		{DBC899DC-0CEB-4ACA-B7D4-12C9120110C6}.Release|x86.Build.0 = Release|x86
	EndGlobalSection
	GlobalSection(SolutionProperties) = preSolution
		HideSolutionNode = FALSE
	EndGlobalSection
EndGlobal
